
Microsoft Visual Studio Solution File, Format Version 12.00
# Visual Studio 2013
VisualStudioVersion = 12.0.21005.1
MinimumVisualStudioVersion = 10.0.40219.1
Project("{8BC9CEB8-8B4A-11D0-8D11-00A0C91BC942}") = "TP2_1379451", "TP2_1379451\TP2_1379451.vcxproj", "{DF753254-3951-41E9-80E9-C2C4084D0DC5}"
EndProject
Global
	GlobalSection(SolutionConfigurationPlatforms) = preSolution
		Debug|Win32 = Debug|Win32
		Release|Win32 = Release|Win32
	EndGlobalSection
	GlobalSection(ProjectConfigurationPlatforms) = postSolution
		{DF753254-3951-41E9-80E9-C2C4084D0DC5}.Debug|Win32.ActiveCfg = Debug|Win32
		{DF753254-3951-41E9-80E9-C2C4084D0DC5}.Debug|Win32.Build.0 = Debug|Win32
		{DF753254-3951-41E9-80E9-C2C4084D0DC5}.Release|Win32.ActiveCfg = Release|Win32
		{DF753254-3951-41E9-80E9-C2C4084D0DC5}.Release|Win32.Build.0 = Release|Win32
	EndGlobalSection
	GlobalSection(SolutionProperties) = preSolution
		HideSolutionNode = FALSE
	EndGlobalSection
EndGlobal
